
Microsoft Visual Studio Solution File, Format Version 12.00
# Visual Studio Version 16
VisualStudioVersion = 16.0.28917.181
MinimumVisualStudioVersion = 10.0.40219.1
Project("{9A19103F-16F7-4668-BE54-9A1E7A4F7556}") = "Console-web", "Console-web.csproj", "{BB63A859-60EF-4DAE-9763-46F4E6D97611}"
EndProject
Global
	GlobalSection(SolutionConfigurationPlatforms) = preSolution
		Debug|Any CPU = Debug|Any CPU
		Release|Any CPU = Release|Any CPU
	EndGlobalSection
	GlobalSection(ProjectConfigurationPlatforms) = postSolution
		{BB63A859-60EF-4DAE-9763-46F4E6D97611}.Debug|Any CPU.ActiveCfg = Debug|Any CPU
		{BB63A859-60EF-4DAE-9763-46F4E6D97611}.Debug|Any CPU.Build.0 = Debug|Any CPU
		{BB63A859-60EF-4DAE-9763-46F4E6D97611}.Release|Any CPU.ActiveCfg = Release|Any CPU
		{BB63A859-60EF-4DAE-9763-46F4E6D97611}.Release|Any CPU.Build.0 = Release|Any CPU
	EndGlobalSection
	GlobalSection(SolutionProperties) = preSolution
		HideSolutionNode = FALSE
	EndGlobalSection
	GlobalSection(ExtensibilityGlobals) = postSolution
		SolutionGuid = {10FE5542-5E17-41E7-BA88-54EB49F2A0C2}
	EndGlobalSection
EndGlobal
